
Microsoft Visual Studio Solution File, Format Version 12.00
# Visual Studio Version 17
VisualStudioVersion = 17.11.35312.102
MinimumVisualStudioVersion = 10.0.40219.1
Project("{FAE04EC0-301F-11D3-BF4B-00C04F79EFBC}") = "TaskAsyncAwait", "TaskAsyncAwait.csproj", "{AC508DE3-6402-4105-ACB1-E44D90B63BD5}"
EndProject
Global
	GlobalSection(SolutionConfigurationPlatforms) = preSolution
		Debug|Any CPU = Debug|Any CPU
		Release|Any CPU = Release|Any CPU
	EndGlobalSection
	GlobalSection(ProjectConfigurationPlatforms) = postSolution
		{AC508DE3-6402-4105-ACB1-E44D90B63BD5}.Debug|Any CPU.ActiveCfg = Debug|Any CPU
		{AC508DE3-6402-4105-ACB1-E44D90B63BD5}.Debug|Any CPU.Build.0 = Debug|Any CPU
		{AC508DE3-6402-4105-ACB1-E44D90B63BD5}.Release|Any CPU.ActiveCfg = Release|Any CPU
		{AC508DE3-6402-4105-ACB1-E44D90B63BD5}.Release|Any CPU.Build.0 = Release|Any CPU
	EndGlobalSection
	GlobalSection(SolutionProperties) = preSolution
		HideSolutionNode = FALSE
	EndGlobalSection
	GlobalSection(ExtensibilityGlobals) = postSolution
		SolutionGuid = {4FA72DC3-EC53-41BD-98A7-883F05D1F054}
	EndGlobalSection
EndGlobal
