
Microsoft Visual Studio Solution File, Format Version 12.00
# Visual Studio Version 17
VisualStudioVersion = 17.11.35312.102
MinimumVisualStudioVersion = 10.0.40219.1
Project("{FAE04EC0-301F-11D3-BF4B-00C04F79EFBC}") = "Abstract,Polimorphism", "Abstract,Polimorphism.csproj", "{265AEFD0-D2F4-4838-88D8-61140B442E7F}"
EndProject
Global
	GlobalSection(SolutionConfigurationPlatforms) = preSolution
		Debug|Any CPU = Debug|Any CPU
		Release|Any CPU = Release|Any CPU
	EndGlobalSection
	GlobalSection(ProjectConfigurationPlatforms) = postSolution
		{265AEFD0-D2F4-4838-88D8-61140B442E7F}.Debug|Any CPU.ActiveCfg = Debug|Any CPU
		{265AEFD0-D2F4-4838-88D8-61140B442E7F}.Debug|Any CPU.Build.0 = Debug|Any CPU
		{265AEFD0-D2F4-4838-88D8-61140B442E7F}.Release|Any CPU.ActiveCfg = Release|Any CPU
		{265AEFD0-D2F4-4838-88D8-61140B442E7F}.Release|Any CPU.Build.0 = Release|Any CPU
	EndGlobalSection
	GlobalSection(SolutionProperties) = preSolution
		HideSolutionNode = FALSE
	EndGlobalSection
	GlobalSection(ExtensibilityGlobals) = postSolution
		SolutionGuid = {03A15F86-E763-4B07-8265-0D8A0DA63A3A}
	EndGlobalSection
EndGlobal
